github.com/xnacly/libjson v0.0.0-20240822213934-7d2b4fda066c h1:e0hnF/BGeNFEYheuNSbLWd3aGAg3ybfzP8qDQmLThTg=
github.com/xnacly/libjson v0.0.0-20240822213934-7d2b4fda066c/go.mod h1:SU9jvTVHvN2bLxNpjiTrud8noG4k6iMiHf13ru/P2Y4=
github.com/xnacly/libjson v0.0.0-20240913001730-ae43d15bb6a1 h1:0DM1ZD3FclRs5sY1MPuqzIEvS/IUneqvhj8+f3XSX+c=
github.com/xnacly/libjson v0.0.0-20240913001730-ae43d15bb6a1/go.mod h1:SU9jvTVHvN2bLxNpjiTrud8noG4k6iMiHf13ru/P2Y4=
github.com/xnacly/libjson v0.0.0-20240913003726-a36a1bd042b1 h1:aWUud0VmJcXFEytYULFi2pP2BzEFO2UMQ79ro27g46I=
github.com/xnacly/libjson v0.0.0-20240913003726-a36a1bd042b1/go.mod h1:SU9jvTVHvN2bLxNpjiTrud8noG4k6iMiHf13ru/P2Y4=
